
Microsoft Visual Studio Solution File, Format Version 12.00
# Visual Studio Version 17
VisualStudioVersion = 17.11.35327.3
MinimumVisualStudioVersion = 10.0.40219.1
Project("{9A19103F-16F7-4668-BE54-9A1E7A4F7556}") = "01-Conexion-query", "01-Conexion-query\01-Conexion-query.csproj", "{18D287BE-4A44-4182-BE28-3B660FFB05BA}"
EndProject
Project("{FAE04EC0-301F-11D3-BF4B-00C04F79EFBC}") = "02-Query", "02-Query\02-Query.csproj", "{A4C06DC7-E7B0-45C0-83BB-E6D983E0E0F0}"
EndProject
Project("{FAE04EC0-301F-11D3-BF4B-00C04F79EFBC}") = "03-4Operaciones", "03-4Operaciones\03-4Operaciones.csproj", "{52C64008-F3BD-47C9-8F47-DF84DA6BEEEF}"
EndProject
Project("{FAE04EC0-301F-11D3-BF4B-00C04F79EFBC}") = "04-OperacionesForm", "04-OperacionesForm\04-OperacionesForm.csproj", "{317465A4-6A47-472C-B582-69B9FF65CB5E}"
EndProject
Project("{FAE04EC0-301F-11D3-BF4B-00C04F79EFBC}") = "05-ADO-DataSet-Datatable", "05-ADO-DataSet-Datatable\05-ADO-DataSet-Datatable.csproj", "{CD355B0C-D0FE-4894-AECF-728D622FC72A}"
EndProject
Project("{FAE04EC0-301F-11D3-BF4B-00C04F79EFBC}") = "06-ADO.net parámetros", "06-ADO.net parámetros\06-ADO.net parámetros.csproj", "{6A35DF18-2365-43B4-9483-2ACEF12F601A}"
EndProject
Project("{FAE04EC0-301F-11D3-BF4B-00C04F79EFBC}") = "07-ADO-forms", "07-ADO-forms\07-ADO-forms.csproj", "{6A988998-AAE7-46B4-BC89-E3961DD05290}"
EndProject
Project("{FAE04EC0-301F-11D3-BF4B-00C04F79EFBC}") = "08-CRUD-EF-MVC", "08-CRUD-EF-MVC\08-CRUD-EF-MVC.csproj", "{A90A6702-536B-4F4B-BA99-298E69961F15}"
EndProject
Project("{FAE04EC0-301F-11D3-BF4B-00C04F79EFBC}") = "09-DDL-CrearTablas", "09-DDL-CrearTablas\09-DDL-CrearTablas.csproj", "{3BCD054B-7892-4542-8527-4B76238C6630}"
EndProject
Project("{FAE04EC0-301F-11D3-BF4B-00C04F79EFBC}") = "10-CRUD-MVC-EF-auto", "10-CRUD-MVC-EF-auto\10-CRUD-MVC-EF-auto.csproj", "{32577A94-C5AF-4880-808A-9A68B519FF89}"
EndProject
Project("{FAE04EC0-301F-11D3-BF4B-00C04F79EFBC}") = "11-lambda-linq", "11-lambda-linq\11-lambda-linq.csproj", "{6A5402F7-E271-4EDA-8BB1-92E5C303231B}"
EndProject
Project("{FAE04EC0-301F-11D3-BF4B-00C04F79EFBC}") = "12-EF-linq-category", "12-EF-linq-category\12-EF-linq-category.csproj", "{D88959F6-DB79-416A-B1E5-30E2B4F36C52}"
EndProject
Project("{FAE04EC0-301F-11D3-BF4B-00C04F79EFBC}") = "13-Navegacion-registros-EF", "13-Navegacion-registros-EF\13-Navegacion-registros-EF.csproj", "{7894C951-61E2-4081-AEC5-875241D3C47F}"
EndProject
Project("{FAE04EC0-301F-11D3-BF4B-00C04F79EFBC}") = "14-DataGrid", "14-DataGrid\14-DataGrid.csproj", "{9B5F81E5-37E7-40DB-AE6E-B5D3E022CEBF}"
EndProject
Global
	GlobalSection(SolutionConfigurationPlatforms) = preSolution
		Debug|Any CPU = Debug|Any CPU
		Release|Any CPU = Release|Any CPU
	EndGlobalSection
	GlobalSection(ProjectConfigurationPlatforms) = postSolution
		{18D287BE-4A44-4182-BE28-3B660FFB05BA}.Debug|Any CPU.ActiveCfg = Debug|Any CPU
		{18D287BE-4A44-4182-BE28-3B660FFB05BA}.Debug|Any CPU.Build.0 = Debug|Any CPU
		{18D287BE-4A44-4182-BE28-3B660FFB05BA}.Release|Any CPU.ActiveCfg = Release|Any CPU
		{18D287BE-4A44-4182-BE28-3B660FFB05BA}.Release|Any CPU.Build.0 = Release|Any CPU
		{A4C06DC7-E7B0-45C0-83BB-E6D983E0E0F0}.Debug|Any CPU.ActiveCfg = Debug|Any CPU
		{A4C06DC7-E7B0-45C0-83BB-E6D983E0E0F0}.Debug|Any CPU.Build.0 = Debug|Any CPU
		{A4C06DC7-E7B0-45C0-83BB-E6D983E0E0F0}.Release|Any CPU.ActiveCfg = Release|Any CPU
		{A4C06DC7-E7B0-45C0-83BB-E6D983E0E0F0}.Release|Any CPU.Build.0 = Release|Any CPU
		{52C64008-F3BD-47C9-8F47-DF84DA6BEEEF}.Debug|Any CPU.ActiveCfg = Debug|Any CPU
		{52C64008-F3BD-47C9-8F47-DF84DA6BEEEF}.Debug|Any CPU.Build.0 = Debug|Any CPU
		{52C64008-F3BD-47C9-8F47-DF84DA6BEEEF}.Release|Any CPU.ActiveCfg = Release|Any CPU
		{52C64008-F3BD-47C9-8F47-DF84DA6BEEEF}.Release|Any CPU.Build.0 = Release|Any CPU
		{317465A4-6A47-472C-B582-69B9FF65CB5E}.Debug|Any CPU.ActiveCfg = Debug|Any CPU
		{317465A4-6A47-472C-B582-69B9FF65CB5E}.Debug|Any CPU.Build.0 = Debug|Any CPU
		{317465A4-6A47-472C-B582-69B9FF65CB5E}.Release|Any CPU.ActiveCfg = Release|Any CPU
		{317465A4-6A47-472C-B582-69B9FF65CB5E}.Release|Any CPU.Build.0 = Release|Any CPU
		{CD355B0C-D0FE-4894-AECF-728D622FC72A}.Debug|Any CPU.ActiveCfg = Debug|Any CPU
		{CD355B0C-D0FE-4894-AECF-728D622FC72A}.Debug|Any CPU.Build.0 = Debug|Any CPU
		{CD355B0C-D0FE-4894-AECF-728D622FC72A}.Release|Any CPU.ActiveCfg = Release|Any CPU
		{CD355B0C-D0FE-4894-AECF-728D622FC72A}.Release|Any CPU.Build.0 = Release|Any CPU
		{6A35DF18-2365-43B4-9483-2ACEF12F601A}.Debug|Any CPU.ActiveCfg = Debug|Any CPU
		{6A35DF18-2365-43B4-9483-2ACEF12F601A}.Debug|Any CPU.Build.0 = Debug|Any CPU
		{6A35DF18-2365-43B4-9483-2ACEF12F601A}.Release|Any CPU.ActiveCfg = Release|Any CPU
		{6A35DF18-2365-43B4-9483-2ACEF12F601A}.Release|Any CPU.Build.0 = Release|Any CPU
		{6A988998-AAE7-46B4-BC89-E3961DD05290}.Debug|Any CPU.ActiveCfg = Debug|Any CPU
		{6A988998-AAE7-46B4-BC89-E3961DD05290}.Debug|Any CPU.Build.0 = Debug|Any CPU
		{6A988998-AAE7-46B4-BC89-E3961DD05290}.Release|Any CPU.ActiveCfg = Release|Any CPU
		{6A988998-AAE7-46B4-BC89-E3961DD05290}.Release|Any CPU.Build.0 = Release|Any CPU
		{A90A6702-536B-4F4B-BA99-298E69961F15}.Debug|Any CPU.ActiveCfg = Debug|Any CPU
		{A90A6702-536B-4F4B-BA99-298E69961F15}.Debug|Any CPU.Build.0 = Debug|Any CPU
		{A90A6702-536B-4F4B-BA99-298E69961F15}.Release|Any CPU.ActiveCfg = Release|Any CPU
		{A90A6702-536B-4F4B-BA99-298E69961F15}.Release|Any CPU.Build.0 = Release|Any CPU
		{3BCD054B-7892-4542-8527-4B76238C6630}.Debug|Any CPU.ActiveCfg = Debug|Any CPU
		{3BCD054B-7892-4542-8527-4B76238C6630}.Debug|Any CPU.Build.0 = Debug|Any CPU
		{3BCD054B-7892-4542-8527-4B76238C6630}.Release|Any CPU.ActiveCfg = Release|Any CPU
		{3BCD054B-7892-4542-8527-4B76238C6630}.Release|Any CPU.Build.0 = Release|Any CPU
		{32577A94-C5AF-4880-808A-9A68B519FF89}.Debug|Any CPU.ActiveCfg = Debug|Any CPU
		{32577A94-C5AF-4880-808A-9A68B519FF89}.Debug|Any CPU.Build.0 = Debug|Any CPU
		{32577A94-C5AF-4880-808A-9A68B519FF89}.Release|Any CPU.ActiveCfg = Release|Any CPU
		{32577A94-C5AF-4880-808A-9A68B519FF89}.Release|Any CPU.Build.0 = Release|Any CPU
		{6A5402F7-E271-4EDA-8BB1-92E5C303231B}.Debug|Any CPU.ActiveCfg = Debug|Any CPU
		{6A5402F7-E271-4EDA-8BB1-92E5C303231B}.Debug|Any CPU.Build.0 = Debug|Any CPU
		{6A5402F7-E271-4EDA-8BB1-92E5C303231B}.Release|Any CPU.ActiveCfg = Release|Any CPU
		{6A5402F7-E271-4EDA-8BB1-92E5C303231B}.Release|Any CPU.Build.0 = Release|Any CPU
		{D88959F6-DB79-416A-B1E5-30E2B4F36C52}.Debug|Any CPU.ActiveCfg = Debug|Any CPU
		{D88959F6-DB79-416A-B1E5-30E2B4F36C52}.Debug|Any CPU.Build.0 = Debug|Any CPU
		{D88959F6-DB79-416A-B1E5-30E2B4F36C52}.Release|Any CPU.ActiveCfg = Release|Any CPU
		{D88959F6-DB79-416A-B1E5-30E2B4F36C52}.Release|Any CPU.Build.0 = Release|Any CPU
		{7894C951-61E2-4081-AEC5-875241D3C47F}.Debug|Any CPU.ActiveCfg = Debug|Any CPU
		{7894C951-61E2-4081-AEC5-875241D3C47F}.Debug|Any CPU.Build.0 = Debug|Any CPU
		{7894C951-61E2-4081-AEC5-875241D3C47F}.Release|Any CPU.ActiveCfg = Release|Any CPU
		{7894C951-61E2-4081-AEC5-875241D3C47F}.Release|Any CPU.Build.0 = Release|Any CPU
		{9B5F81E5-37E7-40DB-AE6E-B5D3E022CEBF}.Debug|Any CPU.ActiveCfg = Debug|Any CPU
		{9B5F81E5-37E7-40DB-AE6E-B5D3E022CEBF}.Debug|Any CPU.Build.0 = Debug|Any CPU
		{9B5F81E5-37E7-40DB-AE6E-B5D3E022CEBF}.Release|Any CPU.ActiveCfg = Release|Any CPU
		{9B5F81E5-37E7-40DB-AE6E-B5D3E022CEBF}.Release|Any CPU.Build.0 = Release|Any CPU
	EndGlobalSection
	GlobalSection(SolutionProperties) = preSolution
		HideSolutionNode = FALSE
	EndGlobalSection
	GlobalSection(ExtensibilityGlobals) = postSolution
		SolutionGuid = {936D8469-F1ED-4B2B-80C9-0259292B142A}
	EndGlobalSection
EndGlobal
