
Microsoft Visual Studio Solution File, Format Version 12.00
# Visual Studio Version 17
VisualStudioVersion = 17.11.35327.3
MinimumVisualStudioVersion = 10.0.40219.1
Project("{9A19103F-16F7-4668-BE54-9A1E7A4F7556}") = "01-Conexion-query", "01-Conexion-query\01-Conexion-query.csproj", "{18D287BE-4A44-4182-BE28-3B660FFB05BA}"
EndProject
Project("{FAE04EC0-301F-11D3-BF4B-00C04F79EFBC}") = "02-Query", "02-Query\02-Query.csproj", "{A4C06DC7-E7B0-45C0-83BB-E6D983E0E0F0}"
EndProject
Project("{FAE04EC0-301F-11D3-BF4B-00C04F79EFBC}") = "03-4Operaciones", "03-4Operaciones\03-4Operaciones.csproj", "{52C64008-F3BD-47C9-8F47-DF84DA6BEEEF}"
EndProject
Project("{FAE04EC0-301F-11D3-BF4B-00C04F79EFBC}") = "04-OperacionesForm", "04-OperacionesForm\04-OperacionesForm.csproj", "{317465A4-6A47-472C-B582-69B9FF65CB5E}"
EndProject
Project("{FAE04EC0-301F-11D3-BF4B-00C04F79EFBC}") = "05-ADO-DataSet-Datatable", "05-ADO-DataSet-Datatable\05-ADO-DataSet-Datatable.csproj", "{CD355B0C-D0FE-4894-AECF-728D622FC72A}"
EndProject
Project("{FAE04EC0-301F-11D3-BF4B-00C04F79EFBC}") = "06-ADO.net parámetros", "06-ADO.net parámetros\06-ADO.net parámetros.csproj", "{6A35DF18-2365-43B4-9483-2ACEF12F601A}"
EndProject
Project("{FAE04EC0-301F-11D3-BF4B-00C04F79EFBC}") = "07-ADO-form", "07-ADO-form\07-ADO-form.csproj", "{299B4EF4-BB86-4C48-AAAE-0521F8F62885}"
EndProject
Global
	GlobalSection(SolutionConfigurationPlatforms) = preSolution
		Debug|Any CPU = Debug|Any CPU
		Release|Any CPU = Release|Any CPU
	EndGlobalSection
	GlobalSection(ProjectConfigurationPlatforms) = postSolution
		{18D287BE-4A44-4182-BE28-3B660FFB05BA}.Debug|Any CPU.ActiveCfg = Debug|Any CPU
		{18D287BE-4A44-4182-BE28-3B660FFB05BA}.Debug|Any CPU.Build.0 = Debug|Any CPU
		{18D287BE-4A44-4182-BE28-3B660FFB05BA}.Release|Any CPU.ActiveCfg = Release|Any CPU
		{18D287BE-4A44-4182-BE28-3B660FFB05BA}.Release|Any CPU.Build.0 = Release|Any CPU
		{A4C06DC7-E7B0-45C0-83BB-E6D983E0E0F0}.Debug|Any CPU.ActiveCfg = Debug|Any CPU
		{A4C06DC7-E7B0-45C0-83BB-E6D983E0E0F0}.Debug|Any CPU.Build.0 = Debug|Any CPU
		{A4C06DC7-E7B0-45C0-83BB-E6D983E0E0F0}.Release|Any CPU.ActiveCfg = Release|Any CPU
		{A4C06DC7-E7B0-45C0-83BB-E6D983E0E0F0}.Release|Any CPU.Build.0 = Release|Any CPU
		{52C64008-F3BD-47C9-8F47-DF84DA6BEEEF}.Debug|Any CPU.ActiveCfg = Debug|Any CPU
		{52C64008-F3BD-47C9-8F47-DF84DA6BEEEF}.Debug|Any CPU.Build.0 = Debug|Any CPU
		{52C64008-F3BD-47C9-8F47-DF84DA6BEEEF}.Release|Any CPU.ActiveCfg = Release|Any CPU
		{52C64008-F3BD-47C9-8F47-DF84DA6BEEEF}.Release|Any CPU.Build.0 = Release|Any CPU
		{317465A4-6A47-472C-B582-69B9FF65CB5E}.Debug|Any CPU.ActiveCfg = Debug|Any CPU
		{317465A4-6A47-472C-B582-69B9FF65CB5E}.Debug|Any CPU.Build.0 = Debug|Any CPU
		{317465A4-6A47-472C-B582-69B9FF65CB5E}.Release|Any CPU.ActiveCfg = Release|Any CPU
		{317465A4-6A47-472C-B582-69B9FF65CB5E}.Release|Any CPU.Build.0 = Release|Any CPU
		{CD355B0C-D0FE-4894-AECF-728D622FC72A}.Debug|Any CPU.ActiveCfg = Debug|Any CPU
		{CD355B0C-D0FE-4894-AECF-728D622FC72A}.Debug|Any CPU.Build.0 = Debug|Any CPU
		{CD355B0C-D0FE-4894-AECF-728D622FC72A}.Release|Any CPU.ActiveCfg = Release|Any CPU
		{CD355B0C-D0FE-4894-AECF-728D622FC72A}.Release|Any CPU.Build.0 = Release|Any CPU
		{6A35DF18-2365-43B4-9483-2ACEF12F601A}.Debug|Any CPU.ActiveCfg = Debug|Any CPU
		{6A35DF18-2365-43B4-9483-2ACEF12F601A}.Debug|Any CPU.Build.0 = Debug|Any CPU
		{6A35DF18-2365-43B4-9483-2ACEF12F601A}.Release|Any CPU.ActiveCfg = Release|Any CPU
		{6A35DF18-2365-43B4-9483-2ACEF12F601A}.Release|Any CPU.Build.0 = Release|Any CPU
		{299B4EF4-BB86-4C48-AAAE-0521F8F62885}.Debug|Any CPU.ActiveCfg = Debug|Any CPU
		{299B4EF4-BB86-4C48-AAAE-0521F8F62885}.Debug|Any CPU.Build.0 = Debug|Any CPU
		{299B4EF4-BB86-4C48-AAAE-0521F8F62885}.Release|Any CPU.ActiveCfg = Release|Any CPU
		{299B4EF4-BB86-4C48-AAAE-0521F8F62885}.Release|Any CPU.Build.0 = Release|Any CPU
	EndGlobalSection
	GlobalSection(SolutionProperties) = preSolution
		HideSolutionNode = FALSE
	EndGlobalSection
	GlobalSection(ExtensibilityGlobals) = postSolution
		SolutionGuid = {936D8469-F1ED-4B2B-80C9-0259292B142A}
	EndGlobalSection
EndGlobal
